
Microsoft Visual Studio Solution File, Format Version 12.00
# Visual Studio Version 17
VisualStudioVersion = 17.8.34511.84
MinimumVisualStudioVersion = 10.0.40219.1
Project("{FAE04EC0-301F-11D3-BF4B-00C04F79EFBC}") = "AspNetCoreMVC-SchoolSystem", "AspNetCoreMVC-SchoolSystem\AspNetCoreMVC-SchoolSystem.csproj", "{1E105DA3-8AA9-4077-99C9-36096A8E10BD}"
EndProject
Global
	GlobalSection(SolutionConfigurationPlatforms) = preSolution
		Debug|Any CPU = Debug|Any CPU
		Release|Any CPU = Release|Any CPU
	EndGlobalSection
	GlobalSection(ProjectConfigurationPlatforms) = postSolution
		{1E105DA3-8AA9-4077-99C9-36096A8E10BD}.Debug|Any CPU.ActiveCfg = Debug|Any CPU
		{1E105DA3-8AA9-4077-99C9-36096A8E10BD}.Debug|Any CPU.Build.0 = Debug|Any CPU
		{1E105DA3-8AA9-4077-99C9-36096A8E10BD}.Release|Any CPU.ActiveCfg = Release|Any CPU
		{1E105DA3-8AA9-4077-99C9-36096A8E10BD}.Release|Any CPU.Build.0 = Release|Any CPU
	EndGlobalSection
	GlobalSection(SolutionProperties) = preSolution
		HideSolutionNode = FALSE
	EndGlobalSection
	GlobalSection(ExtensibilityGlobals) = postSolution
		SolutionGuid = {4295327A-DABA-4F8A-9BA7-3FBA51241C3F}
	EndGlobalSection
EndGlobal
